Microsoft Visual Studio Solution File, Format Version 12.00
# Visual Studio Version 17
VisualStudioVersion = 17.2.32526.322
MinimumVisualStudioVersion = 10.0.40219.1
Project("{FAE04EC0-301F-11D3-BF4B-00C04F79EFBC}") = "cslox", "cslox\cslox.csproj", "{5D40B3F1-8934-4739-AD7D-7EDB5469155A}"
EndProject
Project("{FAE04EC0-301F-11D3-BF4B-00C04F79EFBC}") = "cslox_test", "cslox_test\cslox_test.csproj", "{F13A99D4-3D9E-4B25-B5FD-B1AF97FBC853}"
EndProject
Global
	GlobalSection(SolutionConfigurationPlatforms) = preSolution
		Debug|Any CPU = Debug|Any CPU
		Release|Any CPU = Release|Any CPU
	EndGlobalSection
	GlobalSection(ProjectConfigurationPlatforms) = postSolution
		{5D40B3F1-8934-4739-AD7D-7EDB5469155A}.Debug|Any CPU.ActiveCfg = Debug|Any CPU
		{5D40B3F1-8934-4739-AD7D-7EDB5469155A}.Debug|Any CPU.Build.0 = Debug|Any CPU
		{5D40B3F1-8934-4739-AD7D-7EDB5469155A}.Release|Any CPU.ActiveCfg = Release|Any CPU
		{5D40B3F1-8934-4739-AD7D-7EDB5469155A}.Release|Any CPU.Build.0 = Release|Any CPU
		{F13A99D4-3D9E-4B25-B5FD-B1AF97FBC853}.Debug|Any CPU.ActiveCfg = Debug|Any CPU
		{F13A99D4-3D9E-4B25-B5FD-B1AF97FBC853}.Debug|Any CPU.Build.0 = Debug|Any CPU
		{F13A99D4-3D9E-4B25-B5FD-B1AF97FBC853}.Release|Any CPU.ActiveCfg = Release|Any CPU
		{F13A99D4-3D9E-4B25-B5FD-B1AF97FBC853}.Release|Any CPU.Build.0 = Release|Any CPU
	EndGlobalSection
	GlobalSection(SolutionProperties) = preSolution
		HideSolutionNode = FALSE
	EndGlobalSection
	GlobalSection(ExtensibilityGlobals) = postSolution
		SolutionGuid = {3E31463C-0EFC-4134-A922-D8A4C698D560}
	EndGlobalSection
EndGlobal
